
Microsoft Visual Studio Solution File, Format Version 12.00
# Visual Studio Version 16
VisualStudioVersion = 16.0.31005.135
MinimumVisualStudioVersion = 10.0.40219.1
Project("{9A19103F-16F7-4668-BE54-9A1E7A4F7556}") = "BancoSeries", "BancoSeries.csproj", "{8C7FB7E7-653C-4AB4-ADAA-E65354111FE6}"
EndProject
Project("{FAE04EC0-301F-11D3-BF4B-00C04F79EFBC}") = "BancoSeries_Testes", "..\BancoSeries_Testes\BancoSeries_Testes.csproj", "{2704CCEC-E1CC-4CD3-8B5D-58C4157A7FBF}"
EndProject
Global
	GlobalSection(SolutionConfigurationPlatforms) = preSolution
		Debug|Any CPU = Debug|Any CPU
		Release|Any CPU = Release|Any CPU
	EndGlobalSection
	GlobalSection(ProjectConfigurationPlatforms) = postSolution
		{8C7FB7E7-653C-4AB4-ADAA-E65354111FE6}.Debug|Any CPU.ActiveCfg = Debug|Any CPU
		{8C7FB7E7-653C-4AB4-ADAA-E65354111FE6}.Debug|Any CPU.Build.0 = Debug|Any CPU
		{8C7FB7E7-653C-4AB4-ADAA-E65354111FE6}.Release|Any CPU.ActiveCfg = Release|Any CPU
		{8C7FB7E7-653C-4AB4-ADAA-E65354111FE6}.Release|Any CPU.Build.0 = Release|Any CPU
		{2704CCEC-E1CC-4CD3-8B5D-58C4157A7FBF}.Debug|Any CPU.ActiveCfg = Debug|Any CPU
		{2704CCEC-E1CC-4CD3-8B5D-58C4157A7FBF}.Debug|Any CPU.Build.0 = Debug|Any CPU
		{2704CCEC-E1CC-4CD3-8B5D-58C4157A7FBF}.Release|Any CPU.ActiveCfg = Release|Any CPU
		{2704CCEC-E1CC-4CD3-8B5D-58C4157A7FBF}.Release|Any CPU.Build.0 = Release|Any CPU
	EndGlobalSection
	GlobalSection(SolutionProperties) = preSolution
		HideSolutionNode = FALSE
	EndGlobalSection
	GlobalSection(ExtensibilityGlobals) = postSolution
		SolutionGuid = {FB350C20-3A3B-4E8B-AD6D-651522FB44F4}
	EndGlobalSection
EndGlobal
